
Microsoft Visual Studio Solution File, Format Version 12.00
# Visual Studio Version 16
VisualStudioVersion = 16.0.30611.23
MinimumVisualStudioVersion = 10.0.40219.1
Project("{FAE04EC0-301F-11D3-BF4B-00C04F79EFBC}") = "mastamso", "mastamso.csproj", "{AF14AF0B-97EF-45DF-9F64-4699BBEE8401}"
EndProject
Global
	GlobalSection(SolutionConfigurationPlatforms) = preSolution
		Debug|Any CPU = Debug|Any CPU
		Release|Any CPU = Release|Any CPU
	EndGlobalSection
	GlobalSection(ProjectConfigurationPlatforms) = postSolution
		{AF14AF0B-97EF-45DF-9F64-4699BBEE8401}.Debug|Any CPU.ActiveCfg = Debug|Any CPU
		{AF14AF0B-97EF-45DF-9F64-4699BBEE8401}.Debug|Any CPU.Build.0 = Debug|Any CPU
		{AF14AF0B-97EF-45DF-9F64-4699BBEE8401}.Release|Any CPU.ActiveCfg = Release|Any CPU
		{AF14AF0B-97EF-45DF-9F64-4699BBEE8401}.Release|Any CPU.Build.0 = Release|Any CPU
	EndGlobalSection
	GlobalSection(SolutionProperties) = preSolution
		HideSolutionNode = FALSE
	EndGlobalSection
	GlobalSection(ExtensibilityGlobals) = postSolution
		SolutionGuid = {04B9D0C3-CA61-435A-8180-43625FEA8D8E}
	EndGlobalSection
EndGlobal
